// !$*UTF8*$!
{
	archiveVersion = 1;
	classes = {
	};
	objectVersion = 77;
	objects = {

/* Begin PBXBuildFile section */
		FA526B502E2DF58F00996E7A /* LoadingButton in Frameworks */ = {isa = PBXBuildFile; productRef = FA526B4F2E2DF58F00996E7A /* LoadingButton */; };
		FA526B532E2DF5B200996E7A /* ActivityIndicatorView in Frameworks */ = {isa = PBXBuildFile; productRef = FA526B522E2DF5B200996E7A /* ActivityIndicatorView */; };
		FA526B562E2DF5F100996E7A /* PopupView in Frameworks */ = {isa = PBXBuildFile; productRef = FA526B552E2DF5F100996E7A /* PopupView */; };
		FA526BAF2E2E70A100996E7A /* TestPlan.xctestplan in Resources */ = {isa = PBXBuildFile; fileRef = FA526BAE2E2E70A100996E7A /* TestPlan.xctestplan */; };
		FA526BB22E2E71FF00996E7A /* TestPlan.xctestplan in Resources */ = {isa = PBXBuildFile; fileRef = FA526BAE2E2E70A100996E7A /* TestPlan.xctestplan */; };
		FA526BB32E2E71FF00996E7A /* TestPlan.xctestplan in Resources */ = {isa = PBXBuildFile; fileRef = FA526BAE2E2E70A100996E7A /* TestPlan.xctestplan */; };
		FA75AF762E2D4EB600DE609B /* SwiftUIReorderableForEach in Frameworks */ = {isa = PBXBuildFile; productRef = FA75AF752E2D4EB600DE609B /* SwiftUIReorderableForEach */; };
/* End PBXBuildFile section */

/* Begin PBXContainerItemProxy section */
		FA75AECF2E299BD300DE609B /* PBXContainerItemProxy */ = {
			isa = PBXContainerItemProxy;
			containerPortal = FA75AEB42E299BCE00DE609B /* Project object */;
			proxyType = 1;
			remoteGlobalIDString = FA75AEBB2E299BCF00DE609B;
			remoteInfo = ImageGallery;
		};
		FA75AED92E299BD400DE609B /* PBXContainerItemProxy */ = {
			isa = PBXContainerItemProxy;
			containerPortal = FA75AEB42E299BCE00DE609B /* Project object */;
			proxyType = 1;
			remoteGlobalIDString = FA75AEBB2E299BCF00DE609B;
			remoteInfo = ImageGallery;
		};
/* End PBXContainerItemProxy section */

/* Begin PBXFileReference section */
		FA526BAE2E2E70A100996E7A /* TestPlan.xctestplan */ = {isa = PBXFileReference; lastKnownFileType = text; path = TestPlan.xctestplan; sourceTree = "<group>"; };
		FA75AEBC2E299BCF00DE609B /* PhotoGallery.app */ = {isa = PBXFileReference; explicitFileType = wrapper.application; includeInIndex = 0; path = PhotoGallery.app; sourceTree = BUILT_PRODUCTS_DIR; };
		FA75AECE2E299BD300DE609B /* PhotoGalleryTests.xctest */ = {isa = PBXFileReference; explicitFileType = wrapper.cfbundle; includeInIndex = 0; path = PhotoGalleryTests.xctest; sourceTree = BUILT_PRODUCTS_DIR; };
		FA75AED82E299BD400DE609B /* PhotoGalleryUITests.xctest */ = {isa = PBXFileReference; explicitFileType = wrapper.cfbundle; includeInIndex = 0; path = PhotoGalleryUITests.xctest; sourceTree = BUILT_PRODUCTS_DIR; };
/* End PBXFileReference section */

/* Begin PBXFileSystemSynchronizedRootGroup section */
		FA75AEBE2E299BCF00DE609B /* PhotoGallery */ = {
			isa = PBXFileSystemSynchronizedRootGroup;
			path = PhotoGallery;
			sourceTree = "<group>";
		};
		FA75AED12E299BD300DE609B /* PhotoGalleryTests */ = {
			isa = PBXFileSystemSynchronizedRootGroup;
			path = PhotoGalleryTests;
			sourceTree = "<group>";
		};
		FA75AEDB2E299BD400DE609B /* PhotoGalleryUITests */ = {
			isa = PBXFileSystemSynchronizedRootGroup;
			path = PhotoGalleryUITests;
			sourceTree = "<group>";
		};
/* End PBXFileSystemSynchronizedRootGroup section */

/* Begin PBXFrameworksBuildPhase section */
		FA75AEB92E299BCF00DE609B /* Frameworks */ = {
			isa = PBXFrameworksBuildPhase;
			buildActionMask = 2147483647;
			files = (
				FA526B562E2DF5F100996E7A /* PopupView in Frameworks */,
				FA75AF762E2D4EB600DE609B /* SwiftUIReorderableForEach in Frameworks */,
				FA526B532E2DF5B200996E7A /* ActivityIndicatorView in Frameworks */,
				FA526B502E2DF58F00996E7A /* LoadingButton in Frameworks */,
			);
			runOnlyForDeploymentPostprocessing = 0;
		};
		FA75AECB2E299BD300DE609B /* Frameworks */ = {
			isa = PBXFrameworksBuildPhase;
			buildActionMask = 2147483647;
			files = (
			);
			runOnlyForDeploymentPostprocessing = 0;
		};
		FA75AED52E299BD400DE609B /* Frameworks */ = {
			isa = PBXFrameworksBuildPhase;
			buildActionMask = 2147483647;
			files = (
			);
			runOnlyForDeploymentPostprocessing = 0;
		};
/* End PBXFrameworksBuildPhase section */

/* Begin PBXGroup section */
		FA75AEB32E299BCE00DE609B = {
			isa = PBXGroup;
			children = (
				FA526BAE2E2E70A100996E7A /* TestPlan.xctestplan */,
				FA75AEBE2E299BCF00DE609B /* PhotoGallery */,
				FA75AED12E299BD300DE609B /* PhotoGalleryTests */,
				FA75AEDB2E299BD400DE609B /* PhotoGalleryUITests */,
				FA75AEBD2E299BCF00DE609B /* Products */,
			);
			sourceTree = "<group>";
		};
		FA75AEBD2E299BCF00DE609B /* Products */ = {
			isa = PBXGroup;
			children = (
				FA75AEBC2E299BCF00DE609B /* PhotoGallery.app */,
				FA75AECE2E299BD300DE609B /* PhotoGalleryTests.xctest */,
				FA75AED82E299BD400DE609B /* PhotoGalleryUITests.xctest */,
			);
			name = Products;
			sourceTree = "<group>";
		};
/* End PBXGroup section */

/* Begin PBXNativeTarget section */
		FA75AEBB2E299BCF00DE609B /* PhotoGallery */ = {
			isa = PBXNativeTarget;
			buildConfigurationList = FA75AEE22E299BD400DE609B /* Build configuration list for PBXNativeTarget "PhotoGallery" */;
			buildPhases = (
				FA75AEB82E299BCF00DE609B /* Sources */,
				FA75AEB92E299BCF00DE609B /* Frameworks */,
				FA75AEBA2E299BCF00DE609B /* Resources */,
			);
			buildRules = (
			);
			dependencies = (
			);
			fileSystemSynchronizedGroups = (
				FA75AEBE2E299BCF00DE609B /* PhotoGallery */,
			);
			name = PhotoGallery;
			packageProductDependencies = (
				FA75AF752E2D4EB600DE609B /* SwiftUIReorderableForEach */,
				FA526B4F2E2DF58F00996E7A /* LoadingButton */,
				FA526B522E2DF5B200996E7A /* ActivityIndicatorView */,
				FA526B552E2DF5F100996E7A /* PopupView */,
			);
			productName = ImageGallery;
			productReference = FA75AEBC2E299BCF00DE609B /* PhotoGallery.app */;
			productType = "com.apple.product-type.application";
		};
		FA75AECD2E299BD300DE609B /* PhotoGalleryTests */ = {
			isa = PBXNativeTarget;
			buildConfigurationList = FA75AEE52E299BD400DE609B /* Build configuration list for PBXNativeTarget "PhotoGalleryTests" */;
			buildPhases = (
				FA75AECA2E299BD300DE609B /* Sources */,
				FA75AECB2E299BD300DE609B /* Frameworks */,
				FA75AECC2E299BD300DE609B /* Resources */,
			);
			buildRules = (
			);
			dependencies = (
				FA75AED02E299BD300DE609B /* PBXTargetDependency */,
			);
			fileSystemSynchronizedGroups = (
				FA75AED12E299BD300DE609B /* PhotoGalleryTests */,
			);
			name = PhotoGalleryTests;
			packageProductDependencies = (
			);
			productName = ImageGalleryTests;
			productReference = FA75AECE2E299BD300DE609B /* PhotoGalleryTests.xctest */;
			productType = "com.apple.product-type.bundle.unit-test";
		};
		FA75AED72E299BD400DE609B /* PhotoGalleryUITests */ = {
			isa = PBXNativeTarget;
			buildConfigurationList = FA75AEE82E299BD400DE609B /* Build configuration list for PBXNativeTarget "PhotoGalleryUITests" */;
			buildPhases = (
				FA75AED42E299BD400DE609B /* Sources */,
				FA75AED52E299BD400DE609B /* Frameworks */,
				FA75AED62E299BD400DE609B /* Resources */,
			);
			buildRules = (
			);
			dependencies = (
				FA75AEDA2E299BD400DE609B /* PBXTargetDependency */,
			);
			fileSystemSynchronizedGroups = (
				FA75AEDB2E299BD400DE609B /* PhotoGalleryUITests */,
			);
			name = PhotoGalleryUITests;
			packageProductDependencies = (
			);
			productName = ImageGalleryUITests;
			productReference = FA75AED82E299BD400DE609B /* PhotoGalleryUITests.xctest */;
			productType = "com.apple.product-type.bundle.ui-testing";
		};
/* End PBXNativeTarget section */

/* Begin PBXProject section */
		FA75AEB42E299BCE00DE609B /* Project object */ = {
			isa = PBXProject;
			attributes = {
				BuildIndependentTargetsInParallel = 1;
				LastSwiftUpdateCheck = 1640;
				LastUpgradeCheck = 1640;
				TargetAttributes = {
					FA75AEBB2E299BCF00DE609B = {
						CreatedOnToolsVersion = 16.4;
					};
					FA75AECD2E299BD300DE609B = {
						CreatedOnToolsVersion = 16.4;
						TestTargetID = FA75AEBB2E299BCF00DE609B;
					};
					FA75AED72E299BD400DE609B = {
						CreatedOnToolsVersion = 16.4;
						TestTargetID = FA75AEBB2E299BCF00DE609B;
					};
				};
			};
			buildConfigurationList = FA75AEB72E299BCF00DE609B /* Build configuration list for PBXProject "PhotoGallery" */;
			developmentRegion = en;
			hasScannedForEncodings = 0;
			knownRegions = (
				en,
				Base,
			);
			mainGroup = FA75AEB32E299BCE00DE609B;
			minimizedProjectReferenceProxies = 1;
			packageReferences = (
				FA75AF742E2D4D5D00DE609B /* XCRemoteSwiftPackageReference "swiftui-reorderable-foreach" */,
				FA526B4E2E2DF58F00996E7A /* XCRemoteSwiftPackageReference "LoadingButton" */,
				FA526B512E2DF5B200996E7A /* XCRemoteSwiftPackageReference "ActivityIndicatorView" */,
				FA526B542E2DF5F100996E7A /* XCRemoteSwiftPackageReference "PopupView" */,
			);
			preferredProjectObjectVersion = 77;
			productRefGroup = FA75AEBD2E299BCF00DE609B /* Products */;
			projectDirPath = "";
			projectRoot = "";
			targets = (
				FA75AEBB2E299BCF00DE609B /* PhotoGallery */,
				FA75AECD2E299BD300DE609B /* PhotoGalleryTests */,
				FA75AED72E299BD400DE609B /* PhotoGalleryUITests */,
			);
		};
/* End PBXProject section */

/* Begin PBXResourcesBuildPhase section */
		FA75AEBA2E299BCF00DE609B /* Resources */ = {
			isa = PBXResourcesBuildPhase;
			buildActionMask = 2147483647;
			files = (
				FA526BAF2E2E70A100996E7A /* TestPlan.xctestplan in Resources */,
			);
			runOnlyForDeploymentPostprocessing = 0;
		};
		FA75AECC2E299BD300DE609B /* Resources */ = {
			isa = PBXResourcesBuildPhase;
			buildActionMask = 2147483647;
			files = (
				FA526BB22E2E71FF00996E7A /* TestPlan.xctestplan in Resources */,
			);
			runOnlyForDeploymentPostprocessing = 0;
		};
		FA75AED62E299BD400DE609B /* Resources */ = {
			isa = PBXResourcesBuildPhase;
			buildActionMask = 2147483647;
			files = (
				FA526BB32E2E71FF00996E7A /* TestPlan.xctestplan in Resources */,
			);
			runOnlyForDeploymentPostprocessing = 0;
		};
/* End PBXResourcesBuildPhase section */

/* Begin PBXSourcesBuildPhase section */
		FA75AEB82E299BCF00DE609B /* Sources */ = {
			isa = PBXSourcesBuildPhase;
			buildActionMask = 2147483647;
			files = (
			);
			runOnlyForDeploymentPostprocessing = 0;
		};
		FA75AECA2E299BD300DE609B /* Sources */ = {
			isa = PBXSourcesBuildPhase;
			buildActionMask = 2147483647;
			files = (
			);
			runOnlyForDeploymentPostprocessing = 0;
		};
		FA75AED42E299BD400DE609B /* Sources */ = {
			isa = PBXSourcesBuildPhase;
			buildActionMask = 2147483647;
			files = (
			);
			runOnlyForDeploymentPostprocessing = 0;
		};
/* End PBXSourcesBuildPhase section */

/* Begin PBXTargetDependency section */
		FA75AED02E299BD300DE609B /* PBXTargetDependency */ = {
			isa = PBXTargetDependency;
			target = FA75AEBB2E299BCF00DE609B /* PhotoGallery */;
			targetProxy = FA75AECF2E299BD300DE609B /* PBXContainerItemProxy */;
		};
		FA75AEDA2E299BD400DE609B /* PBXTargetDependency */ = {
			isa = PBXTargetDependency;
			target = FA75AEBB2E299BCF00DE609B /* PhotoGallery */;
			targetProxy = FA75AED92E299BD400DE609B /* PBXContainerItemProxy */;
		};
/* End PBXTargetDependency section */

/* Begin XCBuildConfiguration section */
		FA75AEE02E299BD400DE609B /* Debug */ = {
			isa = XCBuildConfiguration;
			buildSettings = {
				ALWAYS_SEARCH_USER_PATHS = NO;
				ASSETCATALOG_COMPILER_GENERATE_SWIFT_ASSET_SYMBOL_EXTENSIONS = YES;
				CLANG_ANALYZER_NONNULL = YES;
				CLANG_ANALYZER_NUMBER_OBJECT_CONVERSION = YES_AGGRESSIVE;
				CLANG_CXX_LANGUAGE_STANDARD = "gnu++20";
				CLANG_ENABLE_MODULES = YES;
				CLANG_ENABLE_OBJC_ARC = YES;
				CLANG_ENABLE_OBJC_WEAK = YES;
				CLANG_WARN_BLOCK_CAPTURE_AUTORELEASING = YES;
				CLANG_WARN_BOOL_CONVERSION = YES;
				CLANG_WARN_COMMA = YES;
				CLANG_WARN_CONSTANT_CONVERSION = YES;
				CLANG_WARN_DEPRECATED_OBJC_IMPLEMENTATIONS = YES;
				CLANG_WARN_DIRECT_OBJC_ISA_USAGE = YES_ERROR;
				CLANG_WARN_DOCUMENTATION_COMMENTS = YES;
				CLANG_WARN_EMPTY_BODY = YES;
				CLANG_WARN_ENUM_CONVERSION = YES;
				CLANG_WARN_INFINITE_RECURSION = YES;
				CLANG_WARN_INT_CONVERSION = YES;
				CLANG_WARN_NON_LITERAL_NULL_CONVERSION = YES;
				CLANG_WARN_OBJC_IMPLICIT_RETAIN_SELF = YES;
				CLANG_WARN_OBJC_LITERAL_CONVERSION = YES;
				CLANG_WARN_OBJC_ROOT_CLASS = YES_ERROR;
				CLANG_WARN_QUOTED_INCLUDE_IN_FRAMEWORK_HEADER = YES;
				CLANG_WARN_RANGE_LOOP_ANALYSIS = YES;
				CLANG_WARN_STRICT_PROTOTYPES = YES;
				CLANG_WARN_SUSPICIOUS_MOVE = YES;
				CLANG_WARN_UNGUARDED_AVAILABILITY = YES_AGGRESSIVE;
				CLANG_WARN_UNREACHABLE_CODE = YES;
				CLANG_WARN__DUPLICATE_METHOD_MATCH = YES;
				COPY_PHASE_STRIP = NO;
				DEBUG_INFORMATION_FORMAT = dwarf;
				DEVELOPMENT_TEAM = 7YXLUPDYC9;
				ENABLE_STRICT_OBJC_MSGSEND = YES;
				ENABLE_TESTABILITY = YES;
				ENABLE_USER_SCRIPT_SANDBOXING = YES;
				GCC_C_LANGUAGE_STANDARD = gnu17;
				GCC_DYNAMIC_NO_PIC = NO;
				GCC_NO_COMMON_BLOCKS = YES;
				GCC_OPTIMIZATION_LEVEL = 0;
				GCC_PREPROCESSOR_DEFINITIONS = (
					"DEBUG=1",
					"$(inherited)",
				);
				GCC_WARN_64_TO_32_BIT_CONVERSION = YES;
				GCC_WARN_ABOUT_RETURN_TYPE = YES_ERROR;
				GCC_WARN_UNDECLARED_SELECTOR = YES;
				GCC_WARN_UNINITIALIZED_AUTOS = YES_AGGRESSIVE;
				GCC_WARN_UNUSED_FUNCTION = YES;
				GCC_WARN_UNUSED_VARIABLE = YES;
				IPHONEOS_DEPLOYMENT_TARGET = 18.5;
				LOCALIZATION_PREFERS_STRING_CATALOGS = YES;
				MTL_ENABLE_DEBUG_INFO = INCLUDE_SOURCE;
				MTL_FAST_MATH = YES;
				ONLY_ACTIVE_ARCH = YES;
				SDKROOT = iphoneos;
				SWIFT_ACTIVE_COMPILATION_CONDITIONS = "DEBUG $(inherited)";
				SWIFT_OPTIMIZATION_LEVEL = "-Onone";
			};
			name = Debug;
		};
		FA75AEE12E299BD400DE609B /* Release */ = {
			isa = XCBuildConfiguration;
			buildSettings = {
				ALWAYS_SEARCH_USER_PATHS = NO;
				ASSETCATALOG_COMPILER_GENERATE_SWIFT_ASSET_SYMBOL_EXTENSIONS = YES;
				CLANG_ANALYZER_NONNULL = YES;
				CLANG_ANALYZER_NUMBER_OBJECT_CONVERSION = YES_AGGRESSIVE;
				CLANG_CXX_LANGUAGE_STANDARD = "gnu++20";
				CLANG_ENABLE_MODULES = YES;
				CLANG_ENABLE_OBJC_ARC = YES;
				CLANG_ENABLE_OBJC_WEAK = YES;
				CLANG_WARN_BLOCK_CAPTURE_AUTORELEASING = YES;
				CLANG_WARN_BOOL_CONVERSION = YES;
				CLANG_WARN_COMMA = YES;
				CLANG_WARN_CONSTANT_CONVERSION = YES;
				CLANG_WARN_DEPRECATED_OBJC_IMPLEMENTATIONS = YES;
				CLANG_WARN_DIRECT_OBJC_ISA_USAGE = YES_ERROR;
				CLANG_WARN_DOCUMENTATION_COMMENTS = YES;
				CLANG_WARN_EMPTY_BODY = YES;
				CLANG_WARN_ENUM_CONVERSION = YES;
				CLANG_WARN_INFINITE_RECURSION = YES;
				CLANG_WARN_INT_CONVERSION = YES;
				CLANG_WARN_NON_LITERAL_NULL_CONVERSION = YES;
				CLANG_WARN_OBJC_IMPLICIT_RETAIN_SELF = YES;
				CLANG_WARN_OBJC_LITERAL_CONVERSION = YES;
				CLANG_WARN_OBJC_ROOT_CLASS = YES_ERROR;
				CLANG_WARN_QUOTED_INCLUDE_IN_FRAMEWORK_HEADER = YES;
				CLANG_WARN_RANGE_LOOP_ANALYSIS = YES;
				CLANG_WARN_STRICT_PROTOTYPES = YES;
				CLANG_WARN_SUSPICIOUS_MOVE = YES;
				CLANG_WARN_UNGUARDED_AVAILABILITY = YES_AGGRESSIVE;
				CLANG_WARN_UNREACHABLE_CODE = YES;
				CLANG_WARN__DUPLICATE_METHOD_MATCH = YES;
				COPY_PHASE_STRIP = NO;
				DEBUG_INFORMATION_FORMAT = "dwarf-with-dsym";
				DEVELOPMENT_TEAM = 7YXLUPDYC9;
				ENABLE_NS_ASSERTIONS = NO;
				ENABLE_STRICT_OBJC_MSGSEND = YES;
				ENABLE_USER_SCRIPT_SANDBOXING = YES;
				GCC_C_LANGUAGE_STANDARD = gnu17;
				GCC_NO_COMMON_BLOCKS = YES;
				GCC_WARN_64_TO_32_BIT_CONVERSION = YES;
				GCC_WARN_ABOUT_RETURN_TYPE = YES_ERROR;
				GCC_WARN_UNDECLARED_SELECTOR = YES;
				GCC_WARN_UNINITIALIZED_AUTOS = YES_AGGRESSIVE;
				GCC_WARN_UNUSED_FUNCTION = YES;
				GCC_WARN_UNUSED_VARIABLE = YES;
				IPHONEOS_DEPLOYMENT_TARGET = 18.5;
				LOCALIZATION_PREFERS_STRING_CATALOGS = YES;
				MTL_ENABLE_DEBUG_INFO = NO;
				MTL_FAST_MATH = YES;
				SDKROOT = iphoneos;
				SWIFT_COMPILATION_MODE = wholemodule;
				VALIDATE_PRODUCT = YES;
			};
			name = Release;
		};
		FA75AEE32E299BD400DE609B /* Debug */ = {
			isa = XCBuildConfiguration;
			buildSettings = {
				ASSETCATALOG_COMPILER_APPICON_NAME = AppIcon;
				ASSETCATALOG_COMPILER_GLOBAL_ACCENT_COLOR_NAME = AccentColor;
				CODE_SIGN_STYLE = Automatic;
				CURRENT_PROJECT_VERSION = 1;
				DEVELOPMENT_TEAM = 7YXLUPDYC9;
				ENABLE_PREVIEWS = YES;
				GENERATE_INFOPLIST_FILE = YES;
				INFOPLIST_KEY_UIApplicationSceneManifest_Generation = YES;
				INFOPLIST_KEY_UIApplicationSupportsIndirectInputEvents = YES;
				INFOPLIST_KEY_UILaunchScreen_Generation = YES;
				INFOPLIST_KEY_UISupportedInterfaceOrientations_iPad = "UIInterfaceOrientationPortrait UIInterfaceOrientationPortraitUpsideDown UIInterfaceOrientationLandscapeLeft UIInterfaceOrientationLandscapeRight";
				INFOPLIST_KEY_UISupportedInterfaceOrientations_iPhone = "UIInterfaceOrientationPortrait UIInterfaceOrientationLandscapeLeft UIInterfaceOrientationLandscapeRight";
				LD_RUNPATH_SEARCH_PATHS = (
					"$(inherited)",
					"@executable_path/Frameworks",
				);
				MARKETING_VERSION = 1.0;
				PRODUCT_BUNDLE_IDENTIFIER = Yosh.PhotoGallery;
				PRODUCT_NAME = "$(TARGET_NAME)";
				SWIFT_EMIT_LOC_STRINGS = YES;
				SWIFT_VERSION = 5.0;
				TARGETED_DEVICE_FAMILY = "1,2";
			};
			name = Debug;
		};
		FA75AEE42E299BD400DE609B /* Release */ = {
			isa = XCBuildConfiguration;
			buildSettings = {
				ASSETCATALOG_COMPILER_APPICON_NAME = AppIcon;
				ASSETCATALOG_COMPILER_GLOBAL_ACCENT_COLOR_NAME = AccentColor;
				CODE_SIGN_STYLE = Automatic;
				CURRENT_PROJECT_VERSION = 1;
				DEVELOPMENT_TEAM = 7YXLUPDYC9;
				ENABLE_PREVIEWS = YES;
				GENERATE_INFOPLIST_FILE = YES;
				INFOPLIST_KEY_UIApplicationSceneManifest_Generation = YES;
				INFOPLIST_KEY_UIApplicationSupportsIndirectInputEvents = YES;
				INFOPLIST_KEY_UILaunchScreen_Generation = YES;
				INFOPLIST_KEY_UISupportedInterfaceOrientations_iPad = "UIInterfaceOrientationPortrait UIInterfaceOrientationPortraitUpsideDown UIInterfaceOrientationLandscapeLeft UIInterfaceOrientationLandscapeRight";
				INFOPLIST_KEY_UISupportedInterfaceOrientations_iPhone = "UIInterfaceOrientationPortrait UIInterfaceOrientationLandscapeLeft UIInterfaceOrientationLandscapeRight";
				LD_RUNPATH_SEARCH_PATHS = (
					"$(inherited)",
					"@executable_path/Frameworks",
				);
				MARKETING_VERSION = 1.0;
				PRODUCT_BUNDLE_IDENTIFIER = Yosh.PhotoGallery;
				PRODUCT_NAME = "$(TARGET_NAME)";
				SWIFT_EMIT_LOC_STRINGS = YES;
				SWIFT_VERSION = 5.0;
				TARGETED_DEVICE_FAMILY = "1,2";
			};
			name = Release;
		};
		FA75AEE62E299BD400DE609B /* Debug */ = {
			isa = XCBuildConfiguration;
			buildSettings = {
				BUNDLE_LOADER = "$(TEST_HOST)";
				CODE_SIGN_STYLE = Automatic;
				CURRENT_PROJECT_VERSION = 1;
				DEVELOPMENT_TEAM = 7YXLUPDYC9;
				GENERATE_INFOPLIST_FILE = YES;
				IPHONEOS_DEPLOYMENT_TARGET = 18.5;
				MARKETING_VERSION = 1.0;
				PRODUCT_BUNDLE_IDENTIFIER = Yosh.PhotoGalleryTests;
				PRODUCT_NAME = "$(TARGET_NAME)";
				SWIFT_EMIT_LOC_STRINGS = NO;
				SWIFT_VERSION = 5.0;
				TARGETED_DEVICE_FAMILY = "1,2";
				TEST_HOST = "$(BUILT_PRODUCTS_DIR)/PhotoGallery.app/$(BUNDLE_EXECUTABLE_FOLDER_PATH)/PhotoGallery";
			};
			name = Debug;
		};
		FA75AEE72E299BD400DE609B /* Release */ = {
			isa = XCBuildConfiguration;
			buildSettings = {
				BUNDLE_LOADER = "$(TEST_HOST)";
				CODE_SIGN_STYLE = Automatic;
				CURRENT_PROJECT_VERSION = 1;
				DEVELOPMENT_TEAM = 7YXLUPDYC9;
				GENERATE_INFOPLIST_FILE = YES;
				IPHONEOS_DEPLOYMENT_TARGET = 18.5;
				MARKETING_VERSION = 1.0;
				PRODUCT_BUNDLE_IDENTIFIER = Yosh.PhotoGalleryTests;
				PRODUCT_NAME = "$(TARGET_NAME)";
				SWIFT_EMIT_LOC_STRINGS = NO;
				SWIFT_VERSION = 5.0;
				TARGETED_DEVICE_FAMILY = "1,2";
				TEST_HOST = "$(BUILT_PRODUCTS_DIR)/PhotoGallery.app/$(BUNDLE_EXECUTABLE_FOLDER_PATH)/PhotoGallery";
			};
			name = Release;
		};
		FA75AEE92E299BD400DE609B /* Debug */ = {
			isa = XCBuildConfiguration;
			buildSettings = {
				CODE_SIGN_STYLE = Automatic;
				CURRENT_PROJECT_VERSION = 1;
				DEVELOPMENT_TEAM = 7YXLUPDYC9;
				GENERATE_INFOPLIST_FILE = YES;
				MARKETING_VERSION = 1.0;
				PRODUCT_BUNDLE_IDENTIFIER = Yosh.PhotoGalleryUITests;
				PRODUCT_NAME = "$(TARGET_NAME)";
				SWIFT_EMIT_LOC_STRINGS = NO;
				SWIFT_VERSION = 5.0;
				TARGETED_DEVICE_FAMILY = "1,2";
				TEST_TARGET_NAME = PhotoGallery;
			};
			name = Debug;
		};
		FA75AEEA2E299BD400DE609B /* Release */ = {
			isa = XCBuildConfiguration;
			buildSettings = {
				CODE_SIGN_STYLE = Automatic;
				CURRENT_PROJECT_VERSION = 1;
				DEVELOPMENT_TEAM = 7YXLUPDYC9;
				GENERATE_INFOPLIST_FILE = YES;
				MARKETING_VERSION = 1.0;
				PRODUCT_BUNDLE_IDENTIFIER = Yosh.PhotoGalleryUITests;
				PRODUCT_NAME = "$(TARGET_NAME)";
				SWIFT_EMIT_LOC_STRINGS = NO;
				SWIFT_VERSION = 5.0;
				TARGETED_DEVICE_FAMILY = "1,2";
				TEST_TARGET_NAME = PhotoGallery;
			};
			name = Release;
		};
/* End XCBuildConfiguration section */

/* Begin XCConfigurationList section */
		FA75AEB72E299BCF00DE609B /* Build configuration list for PBXProject "PhotoGallery" */ = {
			isa = XCConfigurationList;
			buildConfigurations = (
				FA75AEE02E299BD400DE609B /* Debug */,
				FA75AEE12E299BD400DE609B /* Release */,
			);
			defaultConfigurationIsVisible = 0;
			defaultConfigurationName = Release;
		};
		FA75AEE22E299BD400DE609B /* Build configuration list for PBXNativeTarget "PhotoGallery" */ = {
			isa = XCConfigurationList;
			buildConfigurations = (
				FA75AEE32E299BD400DE609B /* Debug */,
				FA75AEE42E299BD400DE609B /* Release */,
			);
			defaultConfigurationIsVisible = 0;
			defaultConfigurationName = Release;
		};
		FA75AEE52E299BD400DE609B /* Build configuration list for PBXNativeTarget "PhotoGalleryTests" */ = {
			isa = XCConfigurationList;
			buildConfigurations = (
				FA75AEE62E299BD400DE609B /* Debug */,
				FA75AEE72E299BD400DE609B /* Release */,
			);
			defaultConfigurationIsVisible = 0;
			defaultConfigurationName = Release;
		};
		FA75AEE82E299BD400DE609B /* Build configuration list for PBXNativeTarget "PhotoGalleryUITests" */ = {
			isa = XCConfigurationList;
			buildConfigurations = (
				FA75AEE92E299BD400DE609B /* Debug */,
				FA75AEEA2E299BD400DE609B /* Release */,
			);
			defaultConfigurationIsVisible = 0;
			defaultConfigurationName = Release;
		};
/* End XCConfigurationList section */

/* Begin XCRemoteSwiftPackageReference section */
		FA526B4E2E2DF58F00996E7A /* XCRemoteSwiftPackageReference "LoadingButton" */ = {
			isa = XCRemoteSwiftPackageReference;
			repositoryURL = "https://github.com/Changemin/LoadingButton";
			requirement = {
				kind = upToNextMajorVersion;
				minimumVersion = 1.1.2;
			};
		};
		FA526B512E2DF5B200996E7A /* XCRemoteSwiftPackageReference "ActivityIndicatorView" */ = {
			isa = XCRemoteSwiftPackageReference;
			repositoryURL = "https://github.com/exyte/ActivityIndicatorView";
			requirement = {
				kind = upToNextMajorVersion;
				minimumVersion = 1.2.1;
			};
		};
		FA526B542E2DF5F100996E7A /* XCRemoteSwiftPackageReference "PopupView" */ = {
			isa = XCRemoteSwiftPackageReference;
			repositoryURL = "https://github.com/exyte/PopupView";
			requirement = {
				kind = upToNextMajorVersion;
				minimumVersion = 4.1.11;
			};
		};
		FA75AF742E2D4D5D00DE609B /* XCRemoteSwiftPackageReference "swiftui-reorderable-foreach" */ = {
			isa = XCRemoteSwiftPackageReference;
			repositoryURL = "https://github.com/globulus/swiftui-reorderable-foreach";
			requirement = {
				kind = upToNextMajorVersion;
				minimumVersion = 1.0.0;
			};
		};
/* End XCRemoteSwiftPackageReference section */

/* Begin XCSwiftPackageProductDependency section */
		FA526B4F2E2DF58F00996E7A /* LoadingButton */ = {
			isa = XCSwiftPackageProductDependency;
			package = FA526B4E2E2DF58F00996E7A /* XCRemoteSwiftPackageReference "LoadingButton" */;
			productName = LoadingButton;
		};
		FA526B522E2DF5B200996E7A /* ActivityIndicatorView */ = {
			isa = XCSwiftPackageProductDependency;
			package = FA526B512E2DF5B200996E7A /* XCRemoteSwiftPackageReference "ActivityIndicatorView" */;
			productName = ActivityIndicatorView;
		};
		FA526B552E2DF5F100996E7A /* PopupView */ = {
			isa = XCSwiftPackageProductDependency;
			package = FA526B542E2DF5F100996E7A /* XCRemoteSwiftPackageReference "PopupView" */;
			productName = PopupView;
		};
		FA75AF752E2D4EB600DE609B /* SwiftUIReorderableForEach */ = {
			isa = XCSwiftPackageProductDependency;
			package = FA75AF742E2D4D5D00DE609B /* XCRemoteSwiftPackageReference "swiftui-reorderable-foreach" */;
			productName = SwiftUIReorderableForEach;
		};
/* End XCSwiftPackageProductDependency section */
	};
	rootObject = FA75AEB42E299BCE00DE609B /* Project object */;
}
